{
  "sources": {
    "rsc_percona": {
      "path": "."
    },
    "collectd": {
      "locked_version": "1.1.0",
      "git": "git://github.com/rightscale-cookbooks-contrib/chef-collectd.git",
      "ref": "ec50609ed6eb193e0411f30aced91befa571940f"
    },
    "mysql": {
      "path": "../../cdwilhelm/mysql"
    },
    "dns": {
      "locked_version": "0.1.3",
      "git": "git://github.com/rightscale-cookbooks-contrib/dns.git",
      "ref": "711a041d3c7cdb20156099b054f10905c1841d89"
    },
    "build-essential": {
      "locked_version": "1.4.4"
    },
    "database": {
      "locked_version": "1.5.2",
      "git": "git://github.com/rightscale-cookbooks-contrib/database.git",
      "ref": "e7b23e77a3987afdf5d1fefc84edd023ec2497f3"
    },
    "rs-mysql": {
      "path": "../../rightscale-cookbooks/rs-mysql"
    },
    "apt": {
      "locked_version": "2.3.10"
    },
    "yum-epel": {
      "locked_version": "0.4.0"
    },
    "curl": {
      "locked_version": "2.0.1"
    },
    "fake": {
      "path": "./test/cookbooks/fake"
    },
    "rhsm": {
      "locked_version": "1.0.0"
    },
    "openssl": {
      "locked_version": "1.1.0"
    },
    "hosts_file": {
      "locked_version": "0.1.4"
    },
    "xml": {
      "locked_version": "1.2.9"
    },
    "chef-sugar": {
      "locked_version": "2.4.1"
    },
    "postgresql": {
      "locked_version": "3.4.14"
    },
    "aws": {
      "locked_version": "2.5.0"
    },
    "xfs": {
      "locked_version": "1.1.0"
    },
    "chef_handler": {
      "locked_version": "1.1.6"
    },
    "marker": {
      "locked_version": "1.0.1"
    },
    "rightscale_tag": {
      "locked_version": "1.0.5"
    },
    "machine_tag": {
      "locked_version": "1.0.8"
    },
    "filesystem": {
      "locked_version": "0.9.0"
    },
    "lvm": {
      "locked_version": "1.1.2"
    },
    "rightscale_volume": {
      "locked_version": "1.2.5"
    },
    "rightscale_backup": {
      "locked_version": "1.1.6"
    },
    "git": {
      "locked_version": "4.0.2"
    },
    "dmg": {
      "locked_version": "2.2.2"
    },
    "windows": {
      "locked_version": "1.36.1"
    },
    "runit": {
      "locked_version": "1.5.12"
    },
    "yum": {
      "locked_version": "3.5.1"
    }
  }
}
